// !$*UTF8*$!
{
	archiveVersion = 1;
	classes = {
	};
	objectVersion = 46;
	objects = {

/* Begin PBXBuildFile section */
		00E356F31AD99517003FC87E /* IceCreamBoatsTests.m in Sources */ = {isa = PBXBuildFile; fileRef = 00E356F21AD99517003FC87E /* IceCreamBoatsTests.m */; };
		13B07FBC1A68108700A75B9A /* AppDelegate.m in Sources */ = {isa = PBXBuildFile; fileRef = 13B07FB01A68108700A75B9A /* AppDelegate.m */; };
		13B07FBD1A68108700A75B9A /* LaunchScreen.xib in Resources */ = {isa = PBXBuildFile; fileRef = 13B07FB11A68108700A75B9A /* LaunchScreen.xib */; };
		13B07FBF1A68108700A75B9A /* Images.xcassets in Resources */ = {isa = PBXBuildFile; fileRef = 13B07FB51A68108700A75B9A /* Images.xcassets */; };
		13B07FC11A68108700A75B9A /* main.m in Sources */ = {isa = PBXBuildFile; fileRef = 13B07FB71A68108700A75B9A /* main.m */; };
		140ED2AC1D01E1AD002B40FF /* libReact.a in Frameworks */ = {isa = PBXBuildFile; fileRef = 146834041AC3E56700842450 /* libReact.a */; };
		146834051AC3E58100842450 /* libReact.a in Frameworks */ = {isa = PBXBuildFile; fileRef = 146834041AC3E56700842450 /* libReact.a */; };
		94D4383C419C40B992BE29B3 /* libRCTOneSignal.a in Frameworks */ = {isa = PBXBuildFile; fileRef = D4FEF9CC61A04705AD1EE645 /* libRCTOneSignal.a */; };
		BBB85E0D1EC5EDBA001C7D71 /* libsqlite3.tbd in Frameworks */ = {isa = PBXBuildFile; fileRef = BBB85E0C1EC5EDBA001C7D71 /* libsqlite3.tbd */; };
		DD202F891F05493500778591 /* RNBackgroundFetch+AppDelegate.m in Sources */ = {isa = PBXBuildFile; fileRef = DD202F881F05493500778591 /* RNBackgroundFetch+AppDelegate.m */; };
		DD202FC11F055E6E00778591 /* TSLocationManager.framework in Frameworks */ = {isa = PBXBuildFile; fileRef = DD202FC01F055E6E00778591 /* TSLocationManager.framework */; };
		DD202FC31F055E9200778591 /* TSBackgroundFetch.framework in Frameworks */ = {isa = PBXBuildFile; fileRef = DD202FC21F055E9200778591 /* TSBackgroundFetch.framework */; };
		DD2DEEC41F056942008D5283 /* libRNBackgroundFetch.a in Frameworks */ = {isa = PBXBuildFile; fileRef = DD2DEEC31F056942008D5283 /* libRNBackgroundFetch.a */; };
		DD5999DA1EEB27B600196DF8 /* Info.plist in Resources */ = {isa = PBXBuildFile; fileRef = 13B07FB61A68108700A75B9A /* Info.plist */; };
		DD66BAF01EE97B0600BA819B /* freshcoast-logo.png in Resources */ = {isa = PBXBuildFile; fileRef = DD66BAEF1EE97B0600BA819B /* freshcoast-logo.png */; };
		DD8B53011F0914BA009D8961 /* libRNBackgroundGeolocation.a in Frameworks */ = {isa = PBXBuildFile; fileRef = DD8B53001F0914BA009D8961 /* libRNBackgroundGeolocation.a */; };
		DD8B53031F0914D1009D8961 /* libCocoaLumberjack.a in Frameworks */ = {isa = PBXBuildFile; fileRef = DD8B53021F0914D1009D8961 /* libCocoaLumberjack.a */; };
		DD8B53051F0914EC009D8961 /* libPods-IceCreamBoats.a in Frameworks */ = {isa = PBXBuildFile; fileRef = DD8B53041F0914EC009D8961 /* libPods-IceCreamBoats.a */; };
		DD8B53671F091703009D8961 /* libRCTWebSocket.a in Frameworks */ = {isa = PBXBuildFile; fileRef = DD8B530C1F091650009D8961 /* libRCTWebSocket.a */; };
		DD8B53711F091840009D8961 /* libRCTNetwork.a in Frameworks */ = {isa = PBXBuildFile; fileRef = DD8B536E1F09180D009D8961 /* libRCTNetwork.a */; };
		DD8B537B1F09186E009D8961 /* libRCTText.a in Frameworks */ = {isa = PBXBuildFile; fileRef = DD8B53781F091866009D8961 /* libRCTText.a */; };
		DD8B537C1F0918F3009D8961 /* libRCTGeolocation.a in Frameworks */ = {isa = PBXBuildFile; fileRef = DD8B534D1F0916D4009D8961 /* libRCTGeolocation.a */; };
		DD8B538F1F091938009D8961 /* libRCTAnimation.a in Frameworks */ = {isa = PBXBuildFile; fileRef = DD8B53861F09192C009D8961 /* libRCTAnimation.a */; };
		DD8B53901F091941009D8961 /* libRCTImage.a in Frameworks */ = {isa = PBXBuildFile; fileRef = DD8B538C1F09192C009D8961 /* libRCTImage.a */; };
		DD8B53A91F0922A9009D8961 /* libRCTSettings.a in Frameworks */ = {isa = PBXBuildFile; fileRef = DD8B53A31F092295009D8961 /* libRCTSettings.a */; };
		DD8B53AA1F0922C1009D8961 /* libRCTVibration.a in Frameworks */ = {isa = PBXBuildFile; fileRef = DD8B53A81F092295009D8961 /* libRCTVibration.a */; };
		DD8B53AB1F0922D0009D8961 /* libRCTLinking.a in Frameworks */ = {isa = PBXBuildFile; fileRef = DD8B539D1F092295009D8961 /* libRCTLinking.a */; };
		DD8B53B21F0922FA009D8961 /* libRCTActionSheet.a in Frameworks */ = {isa = PBXBuildFile; fileRef = DD8B53B11F0922EB009D8961 /* libRCTActionSheet.a */; };
		DDC3207E1ED3211500FB513A /* libAirMaps.a in Frameworks */ = {isa = PBXBuildFile; fileRef = DDC3207D1ED320FF00FB513A /* libAirMaps.a */; };
/* End PBXBuildFile section */

/* Begin PBXContainerItemProxy section */
		00E356F41AD99517003FC87E /* PBXContainerItemProxy */ = {
			isa = PBXContainerItemProxy;
			containerPortal = 83CBB9F71A601CBA00E9B192 /* Project object */;
			proxyType = 1;
			remoteGlobalIDString = 13B07F861A680F5B00A75B9A;
			remoteInfo = IceCreamBoats;
		};
		146834031AC3E56700842450 /* PBXContainerItemProxy */ = {
			isa = PBXContainerItemProxy;
			containerPortal = 146833FF1AC3E56700842450 /* React.xcodeproj */;
			proxyType = 2;
			remoteGlobalIDString = 83CBBA2E1A601D0E00E9B192;
			remoteInfo = React;
		};
		3DAD3EA21DF850E9000B6D8A /* PBXContainerItemProxy */ = {
			isa = PBXContainerItemProxy;
			containerPortal = 146833FF1AC3E56700842450 /* React.xcodeproj */;
			proxyType = 2;
			remoteGlobalIDString = 2D2A28131D9B038B00D4039D;
			remoteInfo = "React-tvOS";
		};
		3DAD3EA41DF850E9000B6D8A /* PBXContainerItemProxy */ = {
			isa = PBXContainerItemProxy;
			containerPortal = 146833FF1AC3E56700842450 /* React.xcodeproj */;
			proxyType = 2;
			remoteGlobalIDString = 3D3C059A1DE3340900C268FA;
			remoteInfo = yoga;
		};
		3DAD3EA61DF850E9000B6D8A /* PBXContainerItemProxy */ = {
			isa = PBXContainerItemProxy;
			containerPortal = 146833FF1AC3E56700842450 /* React.xcodeproj */;
			proxyType = 2;
			remoteGlobalIDString = 3D3C06751DE3340C00C268FA;
			remoteInfo = "yoga-tvOS";
		};
		3DAD3EA81DF850E9000B6D8A /* PBXContainerItemProxy */ = {
			isa = PBXContainerItemProxy;
			containerPortal = 146833FF1AC3E56700842450 /* React.xcodeproj */;
			proxyType = 2;
			remoteGlobalIDString = 3D3CD9251DE5FBEC00167DC4;
			remoteInfo = cxxreact;
		};
		3DAD3EAA1DF850E9000B6D8A /* PBXContainerItemProxy */ = {
			isa = PBXContainerItemProxy;
			containerPortal = 146833FF1AC3E56700842450 /* React.xcodeproj */;
			proxyType = 2;
			remoteGlobalIDString = 3D3CD9321DE5FBEE00167DC4;
			remoteInfo = "cxxreact-tvOS";
		};
		3DAD3EAC1DF850E9000B6D8A /* PBXContainerItemProxy */ = {
			isa = PBXContainerItemProxy;
			containerPortal = 146833FF1AC3E56700842450 /* React.xcodeproj */;
			proxyType = 2;
			remoteGlobalIDString = 3D3CD90B1DE5FBD600167DC4;
			remoteInfo = jschelpers;
		};
		3DAD3EAE1DF850E9000B6D8A /* PBXContainerItemProxy */ = {
			isa = PBXContainerItemProxy;
			containerPortal = 146833FF1AC3E56700842450 /* React.xcodeproj */;
			proxyType = 2;
			remoteGlobalIDString = 3D3CD9181DE5FBD800167DC4;
			remoteInfo = "jschelpers-tvOS";
		};
		BBE87F8B1EC5DF7D0083DE0D /* PBXContainerItemProxy */ = {
			isa = PBXContainerItemProxy;
			containerPortal = 4ED04CB11661482EA03F52CD /* RCTOneSignal.xcodeproj */;
			proxyType = 2;
			remoteGlobalIDString = 3245CDED1BFEE35C00EABF68;
			remoteInfo = RCTOneSignal;
		};
		DD202FA71F055C8800778591 /* PBXContainerItemProxy */ = {
			isa = PBXContainerItemProxy;
			containerPortal = DD202F9A1F055C8800778591 /* Lumberjack.xcodeproj */;
			proxyType = 2;
			remoteGlobalIDString = DCB3185114EB418E001CFBEE;
			remoteInfo = CocoaLumberjack;
		};
		DD202FA91F055C8800778591 /* PBXContainerItemProxy */ = {
			isa = PBXContainerItemProxy;
			containerPortal = DD202F9A1F055C8800778591 /* Lumberjack.xcodeproj */;
			proxyType = 2;
			remoteGlobalIDString = 18F3BF0F1A81D8B700692297;
			remoteInfo = CocoaLumberjackSwift;
		};
		DD202FAB1F055C8800778591 /* PBXContainerItemProxy */ = {
			isa = PBXContainerItemProxy;
			containerPortal = DD202F9A1F055C8800778591 /* Lumberjack.xcodeproj */;
			proxyType = 2;
			remoteGlobalIDString = 19FF46021B8B4CF400B43179;
			remoteInfo = "CocoaLumberjack-iOS";
		};
		DD202FAD1F055C8800778591 /* PBXContainerItemProxy */ = {
			isa = PBXContainerItemProxy;
			containerPortal = DD202F9A1F055C8800778591 /* Lumberjack.xcodeproj */;
			proxyType = 2;
			remoteGlobalIDString = 19FF460F1B8B4D1400B43179;
			remoteInfo = "CocoaLumberjackSwift-iOS";
		};
		DD202FAF1F055C8800778591 /* PBXContainerItemProxy */ = {
			isa = PBXContainerItemProxy;
			containerPortal = DD202F9A1F055C8800778591 /* Lumberjack.xcodeproj */;
			proxyType = 2;
			remoteGlobalIDString = 18F3BFD71A81E06E00692297;
			remoteInfo = "CocoaLumberjack-iOS-Static";
		};
		DD202FB11F055C8800778591 /* PBXContainerItemProxy */ = {
			isa = PBXContainerItemProxy;
			containerPortal = DD202F9A1F055C8800778591 /* Lumberjack.xcodeproj */;
			proxyType = 2;
			remoteGlobalIDString = 19190EDE1B84D812008D059E;
			remoteInfo = "CocoaLumberjack-watchOS";
		};
		DD202FB31F055C8800778591 /* PBXContainerItemProxy */ = {
			isa = PBXContainerItemProxy;
			containerPortal = DD202F9A1F055C8800778591 /* Lumberjack.xcodeproj */;
			proxyType = 2;
			remoteGlobalIDString = 19190EEB1B84D826008D059E;
			remoteInfo = "CocoaLumberjackSwift-watchOS";
		};
		DD202FB51F055C8800778591 /* PBXContainerItemProxy */ = {
			isa = PBXContainerItemProxy;
			containerPortal = DD202F9A1F055C8800778591 /* Lumberjack.xcodeproj */;
			proxyType = 2;
			remoteGlobalIDString = 19D90B261BBFA9DB00947169;
			remoteInfo = "CocoaLumberjack-tvOS";
		};
		DD202FB71F055C8800778591 /* PBXContainerItemProxy */ = {
			isa = PBXContainerItemProxy;
			containerPortal = DD202F9A1F055C8800778591 /* Lumberjack.xcodeproj */;
			proxyType = 2;
			remoteGlobalIDString = 19D90B351BBFAA7500947169;
			remoteInfo = "CocoaLumberjackSwift-tvOS";
		};
		DD8B530B1F091650009D8961 /* PBXContainerItemProxy */ = {
			isa = PBXContainerItemProxy;
			containerPortal = DD8B53061F091650009D8961 /* RCTWebSocket.xcodeproj */;
			proxyType = 2;
			remoteGlobalIDString = 3C86DF461ADF2C930047B81A;
			remoteInfo = RCTWebSocket;
		};
		DD8B530D1F091650009D8961 /* PBXContainerItemProxy */ = {
			isa = PBXContainerItemProxy;
			containerPortal = DD8B53061F091650009D8961 /* RCTWebSocket.xcodeproj */;
			proxyType = 2;
			remoteGlobalIDString = 2D2A28881D9B049200D4039D;
			remoteInfo = "RCTWebSocket-tvOS";
		};
		DD8B534C1F0916D4009D8961 /* PBXContainerItemProxy */ = {
			isa = PBXContainerItemProxy;
			containerPortal = DD8B53391F0916D4009D8961 /* RCTGeolocation.xcodeproj */;
			proxyType = 2;
			remoteGlobalIDString = 134814201AA4EA6300B7C361;
			remoteInfo = RCTGeolocation;
		};
		DD8B536D1F09180D009D8961 /* PBXContainerItemProxy */ = {
			isa = PBXContainerItemProxy;
			containerPortal = DD8B53681F09180C009D8961 /* RCTNetwork.xcodeproj */;
			proxyType = 2;
			remoteGlobalIDString = 58B511DB1A9E6C8500147676;
			remoteInfo = RCTNetwork;
		};
		DD8B536F1F09180D009D8961 /* PBXContainerItemProxy */ = {
			isa = PBXContainerItemProxy;
			containerPortal = DD8B53681F09180C009D8961 /* RCTNetwork.xcodeproj */;
			proxyType = 2;
			remoteGlobalIDString = 2D2A28541D9B044C00D4039D;
			remoteInfo = "RCTNetwork-tvOS";
		};
		DD8B53771F091866009D8961 /* PBXContainerItemProxy */ = {
			isa = PBXContainerItemProxy;
			containerPortal = DD8B53721F091866009D8961 /* RCTText.xcodeproj */;
			proxyType = 2;
			remoteGlobalIDString = 58B5119B1A9E6C1200147676;
			remoteInfo = RCTText;
		};
		DD8B53791F091866009D8961 /* PBXContainerItemProxy */ = {
			isa = PBXContainerItemProxy;
			containerPortal = DD8B53721F091866009D8961 /* RCTText.xcodeproj */;
			proxyType = 2;
			remoteGlobalIDString = 2D2A287B1D9B048500D4039D;
			remoteInfo = "RCTText-tvOS";
		};
		DD8B53851F09192C009D8961 /* PBXContainerItemProxy */ = {
			isa = PBXContainerItemProxy;
			containerPortal = DD8B53801F09192C009D8961 /* RCTAnimation.xcodeproj */;
			proxyType = 2;
			remoteGlobalIDString = 134814201AA4EA6300B7C361;
			remoteInfo = RCTAnimation;
		};
		DD8B53871F09192C009D8961 /* PBXContainerItemProxy */ = {
			isa = PBXContainerItemProxy;
			containerPortal = DD8B53801F09192C009D8961 /* RCTAnimation.xcodeproj */;
			proxyType = 2;
			remoteGlobalIDString = 2D2A28201D9B03D100D4039D;
			remoteInfo = "RCTAnimation-tvOS";
		};
		DD8B538B1F09192C009D8961 /* PBXContainerItemProxy */ = {
			isa = PBXContainerItemProxy;
			containerPortal = DD8B537D1F09192C009D8961 /* RCTImage.xcodeproj */;
			proxyType = 2;
			remoteGlobalIDString = 58B5115D1A9E6B3D00147676;
			remoteInfo = RCTImage;
		};
		DD8B538D1F09192C009D8961 /* PBXContainerItemProxy */ = {
			isa = PBXContainerItemProxy;
			containerPortal = DD8B537D1F09192C009D8961 /* RCTImage.xcodeproj */;
			proxyType = 2;
			remoteGlobalIDString = 2D2A283A1D9B042B00D4039D;
			remoteInfo = "RCTImage-tvOS";
		};
		DD8B539C1F092295009D8961 /* PBXContainerItemProxy */ = {
			isa = PBXContainerItemProxy;
			containerPortal = DD8B53971F092295009D8961 /* RCTLinking.xcodeproj */;
			proxyType = 2;
			remoteGlobalIDString = 134814201AA4EA6300B7C361;
			remoteInfo = RCTLinking;
		};
		DD8B539E1F092295009D8961 /* PBXContainerItemProxy */ = {
			isa = PBXContainerItemProxy;
			containerPortal = DD8B53971F092295009D8961 /* RCTLinking.xcodeproj */;
			proxyType = 2;
			remoteGlobalIDString = 2D2A28471D9B043800D4039D;
			remoteInfo = "RCTLinking-tvOS";
		};
		DD8B53A21F092295009D8961 /* PBXContainerItemProxy */ = {
			isa = PBXContainerItemProxy;
			containerPortal = DD8B53941F092295009D8961 /* RCTSettings.xcodeproj */;
			proxyType = 2;
			remoteGlobalIDString = 134814201AA4EA6300B7C361;
			remoteInfo = RCTSettings;
		};
		DD8B53A41F092295009D8961 /* PBXContainerItemProxy */ = {
			isa = PBXContainerItemProxy;
			containerPortal = DD8B53941F092295009D8961 /* RCTSettings.xcodeproj */;
			proxyType = 2;
			remoteGlobalIDString = 2D2A28611D9B046600D4039D;
			remoteInfo = "RCTSettings-tvOS";
		};
		DD8B53A71F092295009D8961 /* PBXContainerItemProxy */ = {
			isa = PBXContainerItemProxy;
			containerPortal = DD8B53911F092295009D8961 /* RCTVibration.xcodeproj */;
			proxyType = 2;
			remoteGlobalIDString = 832C81801AAF6DEF007FA2F7;
			remoteInfo = RCTVibration;
		};
		DD8B53B01F0922EB009D8961 /* PBXContainerItemProxy */ = {
			isa = PBXContainerItemProxy;
			containerPortal = DD8B53AC1F0922EA009D8961 /* RCTActionSheet.xcodeproj */;
			proxyType = 2;
			remoteGlobalIDString = 134814201AA4EA6300B7C361;
			remoteInfo = RCTActionSheet;
		};
		DDC3207C1ED320FF00FB513A /* PBXContainerItemProxy */ = {
			isa = PBXContainerItemProxy;
			containerPortal = DDC320781ED320FF00FB513A /* AirMaps.xcodeproj */;
			proxyType = 2;
			remoteGlobalIDString = 11FA5C511C4A1296003AC2EE;
			remoteInfo = AirMaps;
		};
/* End PBXContainerItemProxy section */

/* Begin PBXFileReference section */
		008F07F21AC5B25A0029DE68 /* main.jsbundle */ = {isa = PBXFileReference; fileEncoding = 4; lastKnownFileType = text; path = main.jsbundle; sourceTree = "<group>"; };
		00E356EE1AD99517003FC87E /* IceCreamBoatsTests.xctest */ = {isa = PBXFileReference; explicitFileType = wrapper.cfbundle; includeInIndex = 0; path = IceCreamBoatsTests.xctest; sourceTree = BUILT_PRODUCTS_DIR; };
		00E356F11AD99517003FC87E /* Info.plist */ = {isa = PBXFileReference; lastKnownFileType = text.plist.xml; path = Info.plist; sourceTree = "<group>"; };
		00E356F21AD99517003FC87E /* IceCreamBoatsTests.m */ = {isa = PBXFileReference; lastKnownFileType = sourcecode.c.objc; path = IceCreamBoatsTests.m; sourceTree = "<group>"; };
		13B07F961A680F5B00A75B9A /* IceCreamBoats.app */ = {isa = PBXFileReference; explicitFileType = wrapper.application; includeInIndex = 0; path = IceCreamBoats.app; sourceTree = BUILT_PRODUCTS_DIR; };
		13B07FAF1A68108700A75B9A /* AppDelegate.h */ = {isa = PBXFileReference; fileEncoding = 4; lastKnownFileType = sourcecode.c.h; name = AppDelegate.h; path = IceCreamBoats/AppDelegate.h; sourceTree = "<group>"; };
		13B07FB01A68108700A75B9A /* AppDelegate.m */ = {isa = PBXFileReference; fileEncoding = 4; lastKnownFileType = sourcecode.c.objc; name = AppDelegate.m; path = IceCreamBoats/AppDelegate.m; sourceTree = "<group>"; };
		13B07FB21A68108700A75B9A /* Base */ = {isa = PBXFileReference; lastKnownFileType = file.xib; name = Base; path = Base.lproj/LaunchScreen.xib; sourceTree = "<group>"; };
		13B07FB51A68108700A75B9A /* Images.xcassets */ = {isa = PBXFileReference; lastKnownFileType = folder.assetcatalog; name = Images.xcassets; path = IceCreamBoats/Images.xcassets; sourceTree = "<group>"; };
		13B07FB61A68108700A75B9A /* Info.plist */ = {isa = PBXFileReference; fileEncoding = 4; lastKnownFileType = text.plist.xml; name = Info.plist; path = IceCreamBoats/Info.plist; sourceTree = "<group>"; };
		13B07FB71A68108700A75B9A /* main.m */ = {isa = PBXFileReference; fileEncoding = 4; lastKnownFileType = sourcecode.c.objc; name = main.m; path = IceCreamBoats/main.m; sourceTree = "<group>"; };
		146833FF1AC3E56700842450 /* React.xcodeproj */ = {isa = PBXFileReference; lastKnownFileType = "wrapper.pb-project"; name = React.xcodeproj; path = "../node_modules/react-native/React/React.xcodeproj"; sourceTree = "<group>"; };
		4ED04CB11661482EA03F52CD /* RCTOneSignal.xcodeproj */ = {isa = PBXFileReference; explicitFileType = undefined; fileEncoding = 9; includeInIndex = 0; lastKnownFileType = "wrapper.pb-project"; name = RCTOneSignal.xcodeproj; path = "../node_modules/react-native-onesignal/ios/RCTOneSignal.xcodeproj"; sourceTree = "<group>"; };
		9F255B190888CA8011388DEF /* libPods-IceCreamBoats.a */ = {isa = PBXFileReference; explicitFileType = archive.ar; includeInIndex = 0; path = "libPods-IceCreamBoats.a"; sourceTree = BUILT_PRODUCTS_DIR; };
		BB3493301ED43D66000FCAD1 /* IceCreamBoats.entitlements */ = {isa = PBXFileReference; lastKnownFileType = text.plist.entitlements; name = IceCreamBoats.entitlements; path = IceCreamBoats/IceCreamBoats.entitlements; sourceTree = "<group>"; };
		BBB85E0C1EC5EDBA001C7D71 /* libsqlite3.tbd */ = {isa = PBXFileReference; lastKnownFileType = "sourcecode.text-based-dylib-definition"; name = libsqlite3.tbd; path = usr/lib/libsqlite3.tbd; sourceTree = SDKROOT; };
		C83E85B1944BFD21CE46263D /* Pods-IceCreamBoats.debug.xcconfig */ = {isa = PBXFileReference; includeInIndex = 1; lastKnownFileType = text.xcconfig; name = "Pods-IceCreamBoats.debug.xcconfig"; path = "Pods/Target Support Files/Pods-IceCreamBoats/Pods-IceCreamBoats.debug.xcconfig"; sourceTree = "<group>"; };
		D4FEF9CC61A04705AD1EE645 /* libRCTOneSignal.a */ = {isa = PBXFileReference; explicitFileType = undefined; fileEncoding = 9; includeInIndex = 0; lastKnownFileType = archive.ar; path = libRCTOneSignal.a; sourceTree = "<group>"; };
		DD202F881F05493500778591 /* RNBackgroundFetch+AppDelegate.m */ = {isa = PBXFileReference; fileEncoding = 4; lastKnownFileType = sourcecode.c.objc; name = "RNBackgroundFetch+AppDelegate.m"; path = "../node_modules/react-native-background-fetch/ios/RNBackgroundFetch/RNBackgroundFetch+AppDelegate.m"; sourceTree = "<group>"; };
		DD202F9A1F055C8800778591 /* Lumberjack.xcodeproj */ = {isa = PBXFileReference; lastKnownFileType = "wrapper.pb-project"; name = Lumberjack.xcodeproj; path = "../node_modules/cocoa-lumberjack/CocoaLumberjack/Lumberjack.xcodeproj"; sourceTree = "<group>"; };
		DD202FBE1F055E4700778591 /* RNBackgroundGeolocation */ = {isa = PBXFileReference; lastKnownFileType = folder; name = RNBackgroundGeolocation; path = "../node_modules/react-native-background-geolocation/ios/RNBackgroundGeolocation"; sourceTree = "<group>"; };
		DD202FC01F055E6E00778591 /* TSLocationManager.framework */ = {isa = PBXFileReference; lastKnownFileType = wrapper.framework; name = TSLocationManager.framework; path = "../node_modules/react-native-background-geolocation/ios/RNBackgroundGeolocation/TSLocationManager.framework"; sourceTree = "<group>"; };
		DD202FC21F055E9200778591 /* TSBackgroundFetch.framework */ = {isa = PBXFileReference; lastKnownFileType = wrapper.framework; name = TSBackgroundFetch.framework; path = "../node_modules/react-native-background-fetch/ios/RNBackgroundFetch/TSBackgroundFetch.framework"; sourceTree = "<group>"; };
		DD202FC41F0561C600778591 /* libCocoaLumberjack.a */ = {isa = PBXFileReference; lastKnownFileType = archive.ar; name = libCocoaLumberjack.a; path = "Pods/../build/Debug-iphoneos/CocoaLumberjack/libCocoaLumberjack.a"; sourceTree = "<group>"; };
		DD202FC61F0561E200778591 /* libRNBackgroundGeolocation.a */ = {isa = PBXFileReference; lastKnownFileType = archive.ar; name = libRNBackgroundGeolocation.a; path = "Pods/../build/Debug-iphoneos/RNBackgroundGeolocation/libRNBackgroundGeolocation.a"; sourceTree = "<group>"; };
		DD2DEEC31F056942008D5283 /* libRNBackgroundFetch.a */ = {isa = PBXFileReference; lastKnownFileType = archive.ar; name = libRNBackgroundFetch.a; path = "../../../Library/Developer/Xcode/DerivedData/IceCreamBoats-cmhbvjcuptddkugtbtzczvydubqg/Build/Products/Debug-iphonesimulator/RNBackgroundFetch/libRNBackgroundFetch.a"; sourceTree = "<group>"; };
		DD66BAEF1EE97B0600BA819B /* freshcoast-logo.png */ = {isa = PBXFileReference; lastKnownFileType = image.png; name = "freshcoast-logo.png"; path = "../../../Desktop/freshcoast-logo.png"; sourceTree = "<group>"; };
		DD8B53001F0914BA009D8961 /* libRNBackgroundGeolocation.a */ = {isa = PBXFileReference; lastKnownFileType = archive.ar; name = libRNBackgroundGeolocation.a; path = "../../../Library/Developer/Xcode/DerivedData/IceCreamBoats-cmhbvjcuptddkugtbtzczvydubqg/Build/Products/Debug-iphonesimulator/RNBackgroundGeolocation/libRNBackgroundGeolocation.a"; sourceTree = "<group>"; };
		DD8B53021F0914D1009D8961 /* libCocoaLumberjack.a */ = {isa = PBXFileReference; lastKnownFileType = archive.ar; name = libCocoaLumberjack.a; path = "../../../Library/Developer/Xcode/DerivedData/IceCreamBoats-cmhbvjcuptddkugtbtzczvydubqg/Build/Products/Debug-iphonesimulator/CocoaLumberjack/libCocoaLumberjack.a"; sourceTree = "<group>"; };
		DD8B53041F0914EC009D8961 /* libPods-IceCreamBoats.a */ = {isa = PBXFileReference; lastKnownFileType = archive.ar; name = "libPods-IceCreamBoats.a"; path = "../../../Library/Developer/Xcode/DerivedData/IceCreamBoats-cmhbvjcuptddkugtbtzczvydubqg/Build/Products/Debug-iphonesimulator/libPods-IceCreamBoats.a"; sourceTree = "<group>"; };
		DD8B53061F091650009D8961 /* RCTWebSocket.xcodeproj */ = {isa = PBXFileReference; lastKnownFileType = "wrapper.pb-project"; name = RCTWebSocket.xcodeproj; path = "../node_modules/react-native/Libraries/WebSocket/RCTWebSocket.xcodeproj"; sourceTree = "<group>"; };
		DD8B53391F0916D4009D8961 /* RCTGeolocation.xcodeproj */ = {isa = PBXFileReference; lastKnownFileType = "wrapper.pb-project"; name = RCTGeolocation.xcodeproj; path = "../node_modules/react-native/Libraries/Geolocation/RCTGeolocation.xcodeproj"; sourceTree = "<group>"; };
		DD8B53681F09180C009D8961 /* RCTNetwork.xcodeproj */ = {isa = PBXFileReference; lastKnownFileType = "wrapper.pb-project"; name = RCTNetwork.xcodeproj; path = "../node_modules/react-native/Libraries/Network/RCTNetwork.xcodeproj"; sourceTree = "<group>"; };
		DD8B53721F091866009D8961 /* RCTText.xcodeproj */ = {isa = PBXFileReference; lastKnownFileType = "wrapper.pb-project"; name = RCTText.xcodeproj; path = "../node_modules/react-native/Libraries/Text/RCTText.xcodeproj"; sourceTree = "<group>"; };
		DD8B537D1F09192C009D8961 /* RCTImage.xcodeproj */ = {isa = PBXFileReference; lastKnownFileType = "wrapper.pb-project"; name = RCTImage.xcodeproj; path = "../node_modules/react-native/Libraries/Image/RCTImage.xcodeproj"; sourceTree = "<group>"; };
		DD8B53801F09192C009D8961 /* RCTAnimation.xcodeproj */ = {isa = PBXFileReference; lastKnownFileType = "wrapper.pb-project"; name = RCTAnimation.xcodeproj; path = "../node_modules/react-native/Libraries/NativeAnimation/RCTAnimation.xcodeproj"; sourceTree = "<group>"; };
		DD8B53911F092295009D8961 /* RCTVibration.xcodeproj */ = {isa = PBXFileReference; lastKnownFileType = "wrapper.pb-project"; name = RCTVibration.xcodeproj; path = "../node_modules/react-native/Libraries/Vibration/RCTVibration.xcodeproj"; sourceTree = "<group>"; };
		DD8B53941F092295009D8961 /* RCTSettings.xcodeproj */ = {isa = PBXFileReference; lastKnownFileType = "wrapper.pb-project"; name = RCTSettings.xcodeproj; path = "../node_modules/react-native/Libraries/Settings/RCTSettings.xcodeproj"; sourceTree = "<group>"; };
		DD8B53971F092295009D8961 /* RCTLinking.xcodeproj */ = {isa = PBXFileReference; lastKnownFileType = "wrapper.pb-project"; name = RCTLinking.xcodeproj; path = "../node_modules/react-native/Libraries/LinkingIOS/RCTLinking.xcodeproj"; sourceTree = "<group>"; };
		DD8B53AC1F0922EA009D8961 /* RCTActionSheet.xcodeproj */ = {isa = PBXFileReference; lastKnownFileType = "wrapper.pb-project"; name = RCTActionSheet.xcodeproj; path = "../node_modules/react-native/Libraries/ActionSheetIOS/RCTActionSheet.xcodeproj"; sourceTree = "<group>"; };
		DDC320781ED320FF00FB513A /* AirMaps.xcodeproj */ = {isa = PBXFileReference; lastKnownFileType = "wrapper.pb-project"; name = AirMaps.xcodeproj; path = "../node_modules/react-native-maps/lib/ios/AirMaps.xcodeproj"; sourceTree = "<group>"; };
		EADDA7A678022CC0F6C27052 /* Pods-IceCreamBoats.release.xcconfig */ = {isa = PBXFileReference; includeInIndex = 1; lastKnownFileType = text.xcconfig; name = "Pods-IceCreamBoats.release.xcconfig"; path = "Pods/Target Support Files/Pods-IceCreamBoats/Pods-IceCreamBoats.release.xcconfig"; sourceTree = "<group>"; };
/* End PBXFileReference section */

/* Begin PBXFrameworksBuildPhase section */
		00E356EB1AD99517003FC87E /* Frameworks */ = {
			isa = PBXFrameworksBuildPhase;
			buildActionMask = 2147483647;
			files = (
				140ED2AC1D01E1AD002B40FF /* libReact.a in Frameworks */,
			);
			runOnlyForDeploymentPostprocessing = 0;
		};
		13B07F8C1A680F5B00A75B9A /* Frameworks */ = {
			isa = PBXFrameworksBuildPhase;
			buildActionMask = 2147483647;
			files = (
				DD8B53B21F0922FA009D8961 /* libRCTActionSheet.a in Frameworks */,
				DD8B53AB1F0922D0009D8961 /* libRCTLinking.a in Frameworks */,
				DD8B53AA1F0922C1009D8961 /* libRCTVibration.a in Frameworks */,
				DD8B53A91F0922A9009D8961 /* libRCTSettings.a in Frameworks */,
				DD8B53901F091941009D8961 /* libRCTImage.a in Frameworks */,
				DD8B538F1F091938009D8961 /* libRCTAnimation.a in Frameworks */,
				DD8B537C1F0918F3009D8961 /* libRCTGeolocation.a in Frameworks */,
				DD8B537B1F09186E009D8961 /* libRCTText.a in Frameworks */,
				DD8B53711F091840009D8961 /* libRCTNetwork.a in Frameworks */,
				DD8B53671F091703009D8961 /* libRCTWebSocket.a in Frameworks */,
				DD8B53051F0914EC009D8961 /* libPods-IceCreamBoats.a in Frameworks */,
				DD8B53031F0914D1009D8961 /* libCocoaLumberjack.a in Frameworks */,
				DD8B53011F0914BA009D8961 /* libRNBackgroundGeolocation.a in Frameworks */,
				DD2DEEC41F056942008D5283 /* libRNBackgroundFetch.a in Frameworks */,
				DD202FC31F055E9200778591 /* TSBackgroundFetch.framework in Frameworks */,
				DD202FC11F055E6E00778591 /* TSLocationManager.framework in Frameworks */,
				BBB85E0D1EC5EDBA001C7D71 /* libsqlite3.tbd in Frameworks */,
				146834051AC3E58100842450 /* libReact.a in Frameworks */,
				DDC3207E1ED3211500FB513A /* libAirMaps.a in Frameworks */,
				94D4383C419C40B992BE29B3 /* libRCTOneSignal.a in Frameworks */,
			);
			runOnlyForDeploymentPostprocessing = 0;
		};
/* End PBXFrameworksBuildPhase section */

/* Begin PBXGroup section */
		00E356EF1AD99517003FC87E /* IceCreamBoatsTests */ = {
			isa = PBXGroup;
			children = (
				00E356F21AD99517003FC87E /* IceCreamBoatsTests.m */,
				00E356F01AD99517003FC87E /* Supporting Files */,
			);
			path = IceCreamBoatsTests;
			sourceTree = "<group>";
		};
		00E356F01AD99517003FC87E /* Supporting Files */ = {
			isa = PBXGroup;
			children = (
				00E356F11AD99517003FC87E /* Info.plist */,
			);
			name = "Supporting Files";
			sourceTree = "<group>";
		};
		13B07FAE1A68108700A75B9A /* IceCreamBoats */ = {
			isa = PBXGroup;
			children = (
				DD202F881F05493500778591 /* RNBackgroundFetch+AppDelegate.m */,
				DD66BAEF1EE97B0600BA819B /* freshcoast-logo.png */,
				BB3493301ED43D66000FCAD1 /* IceCreamBoats.entitlements */,
				008F07F21AC5B25A0029DE68 /* main.jsbundle */,
				13B07FAF1A68108700A75B9A /* AppDelegate.h */,
				13B07FB01A68108700A75B9A /* AppDelegate.m */,
				13B07FB51A68108700A75B9A /* Images.xcassets */,
				13B07FB61A68108700A75B9A /* Info.plist */,
				13B07FB11A68108700A75B9A /* LaunchScreen.xib */,
				13B07FB71A68108700A75B9A /* main.m */,
			);
			name = IceCreamBoats;
			sourceTree = "<group>";
		};
		146834001AC3E56700842450 /* Products */ = {
			isa = PBXGroup;
			children = (
				146834041AC3E56700842450 /* libReact.a */,
				3DAD3EA31DF850E9000B6D8A /* libReact.a */,
				3DAD3EA51DF850E9000B6D8A /* libyoga.a */,
				3DAD3EA71DF850E9000B6D8A /* libyoga.a */,
				3DAD3EA91DF850E9000B6D8A /* libcxxreact.a */,
				3DAD3EAB1DF850E9000B6D8A /* libcxxreact.a */,
				3DAD3EAD1DF850E9000B6D8A /* libjschelpers.a */,
				3DAD3EAF1DF850E9000B6D8A /* libjschelpers.a */,
			);
			name = Products;
			sourceTree = "<group>";
		};
		832341AE1AAA6A7D00B99B32 /* Libraries */ = {
			isa = PBXGroup;
			children = (
				DD8B53AC1F0922EA009D8961 /* RCTActionSheet.xcodeproj */,
				DD8B53911F092295009D8961 /* RCTVibration.xcodeproj */,
				DD8B53941F092295009D8961 /* RCTSettings.xcodeproj */,
				DD8B53971F092295009D8961 /* RCTLinking.xcodeproj */,
				DD8B537D1F09192C009D8961 /* RCTImage.xcodeproj */,
				DD8B53801F09192C009D8961 /* RCTAnimation.xcodeproj */,
				DD8B53721F091866009D8961 /* RCTText.xcodeproj */,
				DD8B53681F09180C009D8961 /* RCTNetwork.xcodeproj */,
				DD8B53391F0916D4009D8961 /* RCTGeolocation.xcodeproj */,
				DD8B53061F091650009D8961 /* RCTWebSocket.xcodeproj */,
				DD202F9A1F055C8800778591 /* Lumberjack.xcodeproj */,
				DDC320781ED320FF00FB513A /* AirMaps.xcodeproj */,
				146833FF1AC3E56700842450 /* React.xcodeproj */,
				4ED04CB11661482EA03F52CD /* RCTOneSignal.xcodeproj */,
			);
			name = Libraries;
			sourceTree = "<group>";
		};
		83CBB9F61A601CBA00E9B192 = {
			isa = PBXGroup;
			children = (
				13B07FAE1A68108700A75B9A /* IceCreamBoats */,
				832341AE1AAA6A7D00B99B32 /* Libraries */,
				00E356EF1AD99517003FC87E /* IceCreamBoatsTests */,
				83CBBA001A601CBA00E9B192 /* Products */,
				BB36BF6E1EC5E00F003CEFB1 /* Frameworks */,
				8E96DC2F28A8A1504A40F9D3 /* Pods */,
			);
			indentWidth = 2;
			sourceTree = "<group>";
			tabWidth = 2;
		};
		83CBBA001A601CBA00E9B192 /* Products */ = {
			isa = PBXGroup;
			children = (
				13B07F961A680F5B00A75B9A /* IceCreamBoats.app */,
				00E356EE1AD99517003FC87E /* IceCreamBoatsTests.xctest */,
			);
			name = Products;
			sourceTree = "<group>";
		};
		8E96DC2F28A8A1504A40F9D3 /* Pods */ = {
			isa = PBXGroup;
			children = (
				C83E85B1944BFD21CE46263D /* Pods-IceCreamBoats.debug.xcconfig */,
				EADDA7A678022CC0F6C27052 /* Pods-IceCreamBoats.release.xcconfig */,
			);
			name = Pods;
			sourceTree = "<group>";
		};
		BB36BF6E1EC5E00F003CEFB1 /* Frameworks */ = {
			isa = PBXGroup;
			children = (
				DD8B53041F0914EC009D8961 /* libPods-IceCreamBoats.a */,
				DD8B53021F0914D1009D8961 /* libCocoaLumberjack.a */,
				DD8B53001F0914BA009D8961 /* libRNBackgroundGeolocation.a */,
				DD2DEEC31F056942008D5283 /* libRNBackgroundFetch.a */,
				DD202FC61F0561E200778591 /* libRNBackgroundGeolocation.a */,
				DD202FC41F0561C600778591 /* libCocoaLumberjack.a */,
				DD202FC21F055E9200778591 /* TSBackgroundFetch.framework */,
				DD202FC01F055E6E00778591 /* TSLocationManager.framework */,
				DD202FBE1F055E4700778591 /* RNBackgroundGeolocation */,
				BBB85E0C1EC5EDBA001C7D71 /* libsqlite3.tbd */,
				9F255B190888CA8011388DEF /* libPods-IceCreamBoats.a */,
			);
			name = Frameworks;
			sourceTree = "<group>";
		};
		BBE87F7E1EC5DF7C0083DE0D /* Products */ = {
			isa = PBXGroup;
			children = (
				BBE87F8C1EC5DF7D0083DE0D /* libRCTOneSignal.a */,
			);
			name = Products;
			sourceTree = "<group>";
		};
		DD202F9B1F055C8800778591 /* Products */ = {
			isa = PBXGroup;
			children = (
				DD202FA81F055C8800778591 /* CocoaLumberjack.framework */,
				DD202FAA1F055C8800778591 /* CocoaLumberjackSwift.framework */,
				DD202FAC1F055C8800778591 /* CocoaLumberjack.framework */,
				DD202FAE1F055C8800778591 /* CocoaLumberjackSwift.framework */,
				DD202FB01F055C8800778591 /* libCocoaLumberjack.a */,
				DD202FB21F055C8800778591 /* CocoaLumberjack.framework */,
				DD202FB41F055C8800778591 /* CocoaLumberjackSwift.framework */,
				DD202FB61F055C8800778591 /* CocoaLumberjack.framework */,
				DD202FB81F055C8800778591 /* CocoaLumberjackSwift.framework */,
			);
			name = Products;
			sourceTree = "<group>";
		};
		DD8B53071F091650009D8961 /* Products */ = {
			isa = PBXGroup;
			children = (
				DD8B530C1F091650009D8961 /* libRCTWebSocket.a */,
				DD8B530E1F091650009D8961 /* libRCTWebSocket-tvOS.a */,
			);
			name = Products;
			sourceTree = "<group>";
		};
		DD8B533A1F0916D4009D8961 /* Products */ = {
			isa = PBXGroup;
			children = (
				DD8B534D1F0916D4009D8961 /* libRCTGeolocation.a */,
			);
			name = Products;
			sourceTree = "<group>";
		};
		DD8B53691F09180C009D8961 /* Products */ = {
			isa = PBXGroup;
			children = (
				DD8B536E1F09180D009D8961 /* libRCTNetwork.a */,
				DD8B53701F09180D009D8961 /* libRCTNetwork-tvOS.a */,
			);
			name = Products;
			sourceTree = "<group>";
		};
		DD8B53731F091866009D8961 /* Products */ = {
			isa = PBXGroup;
			children = (
				DD8B53781F091866009D8961 /* libRCTText.a */,
				DD8B537A1F091866009D8961 /* libRCTText-tvOS.a */,
			);
			name = Products;
			sourceTree = "<group>";
		};
		DD8B537E1F09192C009D8961 /* Products */ = {
			isa = PBXGroup;
			children = (
				DD8B538C1F09192C009D8961 /* libRCTImage.a */,
				DD8B538E1F09192C009D8961 /* libRCTImage-tvOS.a */,
			);
			name = Products;
			sourceTree = "<group>";
		};
		DD8B53811F09192C009D8961 /* Products */ = {
			isa = PBXGroup;
			children = (
				DD8B53861F09192C009D8961 /* libRCTAnimation.a */,
				DD8B53881F09192C009D8961 /* libRCTAnimation.a */,
			);
			name = Products;
			sourceTree = "<group>";
		};
		DD8B53921F092295009D8961 /* Products */ = {
			isa = PBXGroup;
			children = (
				DD8B53A81F092295009D8961 /* libRCTVibration.a */,
			);
			name = Products;
			sourceTree = "<group>";
		};
		DD8B53951F092295009D8961 /* Products */ = {
			isa = PBXGroup;
			children = (
				DD8B53A31F092295009D8961 /* libRCTSettings.a */,
				DD8B53A51F092295009D8961 /* libRCTSettings-tvOS.a */,
			);
			name = Products;
			sourceTree = "<group>";
		};
		DD8B53981F092295009D8961 /* Products */ = {
			isa = PBXGroup;
			children = (
				DD8B539D1F092295009D8961 /* libRCTLinking.a */,
				DD8B539F1F092295009D8961 /* libRCTLinking-tvOS.a */,
			);
			name = Products;
			sourceTree = "<group>";
		};
		DD8B53AD1F0922EA009D8961 /* Products */ = {
			isa = PBXGroup;
			children = (
				DD8B53B11F0922EB009D8961 /* libRCTActionSheet.a */,
			);
			name = Products;
			sourceTree = "<group>";
		};
		DDC320791ED320FF00FB513A /* Products */ = {
			isa = PBXGroup;
			children = (
				DDC3207D1ED320FF00FB513A /* libAirMaps.a */,
			);
			name = Products;
			sourceTree = "<group>";
		};
/* End PBXGroup section */

/* Begin PBXNativeTarget section */
		00E356ED1AD99517003FC87E /* IceCreamBoatsTests */ = {
			isa = PBXNativeTarget;
			buildConfigurationList = 00E357021AD99517003FC87E /* Build configuration list for PBXNativeTarget "IceCreamBoatsTests" */;
			buildPhases = (
				00E356EA1AD99517003FC87E /* Sources */,
				00E356EB1AD99517003FC87E /* Frameworks */,
				00E356EC1AD99517003FC87E /* Resources */,
			);
			buildRules = (
			);
			dependencies = (
				00E356F51AD99517003FC87E /* PBXTargetDependency */,
			);
			name = IceCreamBoatsTests;
			productName = IceCreamBoatsTests;
			productReference = 00E356EE1AD99517003FC87E /* IceCreamBoatsTests.xctest */;
			productType = "com.apple.product-type.bundle.unit-test";
		};
		13B07F861A680F5B00A75B9A /* IceCreamBoats */ = {
			isa = PBXNativeTarget;
			buildConfigurationList = 13B07F931A680F5B00A75B9A /* Build configuration list for PBXNativeTarget "IceCreamBoats" */;
			buildPhases = (
				18B5924ADC865398166BEB82 /* [CP] Check Pods Manifest.lock */,
				13B07F871A680F5B00A75B9A /* Sources */,
				13B07F8C1A680F5B00A75B9A /* Frameworks */,
				13B07F8E1A680F5B00A75B9A /* Resources */,
				00DD1BFF1BD5951E006B06BC /* Bundle React Native code and images */,
				09E4D3A62AF73261BAD5B241 /* [CP] Embed Pods Frameworks */,
				D47CBAE6DF2B7C56D2978C5C /* [CP] Copy Pods Resources */,
			);
			buildRules = (
			);
			dependencies = (
			);
			name = IceCreamBoats;
			productName = "Hello World";
			productReference = 13B07F961A680F5B00A75B9A /* IceCreamBoats.app */;
			productType = "com.apple.product-type.application";
		};
/* End PBXNativeTarget section */

/* Begin PBXProject section */
		83CBB9F71A601CBA00E9B192 /* Project object */ = {
			isa = PBXProject;
			attributes = {
				LastUpgradeCheck = 0830;
				ORGANIZATIONNAME = "Fresh Coast";
				TargetAttributes = {
					00E356ED1AD99517003FC87E = {
						CreatedOnToolsVersion = 6.2;
						DevelopmentTeam = JK76749Y4G;
						TestTargetID = 13B07F861A680F5B00A75B9A;
					};
					13B07F861A680F5B00A75B9A = {
						DevelopmentTeam = JK76749Y4G;
						ProvisioningStyle = Automatic;
						SystemCapabilities = {
							com.apple.Push = {
								enabled = 1;
							};
						};
					};
				};
			};
			buildConfigurationList = 83CBB9FA1A601CBA00E9B192 /* Build configuration list for PBXProject "IceCreamBoats" */;
			compatibilityVersion = "Xcode 3.2";
			developmentRegion = English;
			hasScannedForEncodings = 0;
			knownRegions = (
				en,
				Base,
			);
			mainGroup = 83CBB9F61A601CBA00E9B192;
			productRefGroup = 83CBBA001A601CBA00E9B192 /* Products */;
			projectDirPath = "";
			projectReferences = (
				{
					ProductGroup = DDC320791ED320FF00FB513A /* Products */;
					ProjectRef = DDC320781ED320FF00FB513A /* AirMaps.xcodeproj */;
				},
				{
					ProductGroup = DD202F9B1F055C8800778591 /* Products */;
					ProjectRef = DD202F9A1F055C8800778591 /* Lumberjack.xcodeproj */;
				},
				{
					ProductGroup = DD8B53AD1F0922EA009D8961 /* Products */;
					ProjectRef = DD8B53AC1F0922EA009D8961 /* RCTActionSheet.xcodeproj */;
				},
				{
					ProductGroup = DD8B53811F09192C009D8961 /* Products */;
					ProjectRef = DD8B53801F09192C009D8961 /* RCTAnimation.xcodeproj */;
				},
				{
					ProductGroup = DD8B533A1F0916D4009D8961 /* Products */;
					ProjectRef = DD8B53391F0916D4009D8961 /* RCTGeolocation.xcodeproj */;
				},
				{
					ProductGroup = DD8B537E1F09192C009D8961 /* Products */;
					ProjectRef = DD8B537D1F09192C009D8961 /* RCTImage.xcodeproj */;
				},
				{
					ProductGroup = DD8B53981F092295009D8961 /* Products */;
					ProjectRef = DD8B53971F092295009D8961 /* RCTLinking.xcodeproj */;
				},
				{
					ProductGroup = DD8B53691F09180C009D8961 /* Products */;
					ProjectRef = DD8B53681F09180C009D8961 /* RCTNetwork.xcodeproj */;
				},
				{
					ProductGroup = BBE87F7E1EC5DF7C0083DE0D /* Products */;
					ProjectRef = 4ED04CB11661482EA03F52CD /* RCTOneSignal.xcodeproj */;
				},
				{
					ProductGroup = DD8B53951F092295009D8961 /* Products */;
					ProjectRef = DD8B53941F092295009D8961 /* RCTSettings.xcodeproj */;
				},
				{
					ProductGroup = DD8B53731F091866009D8961 /* Products */;
					ProjectRef = DD8B53721F091866009D8961 /* RCTText.xcodeproj */;
				},
				{
					ProductGroup = DD8B53921F092295009D8961 /* Products */;
					ProjectRef = DD8B53911F092295009D8961 /* RCTVibration.xcodeproj */;
				},
				{
					ProductGroup = DD8B53071F091650009D8961 /* Products */;
					ProjectRef = DD8B53061F091650009D8961 /* RCTWebSocket.xcodeproj */;
				},
				{
					ProductGroup = 146834001AC3E56700842450 /* Products */;
					ProjectRef = 146833FF1AC3E56700842450 /* React.xcodeproj */;
				},
			);
			projectRoot = "";
			targets = (
				13B07F861A680F5B00A75B9A /* IceCreamBoats */,
				00E356ED1AD99517003FC87E /* IceCreamBoatsTests */,
			);
		};
/* End PBXProject section */

/* Begin PBXReferenceProxy section */
		146834041AC3E56700842450 /* libReact.a */ = {
			isa = PBXReferenceProxy;
			fileType = archive.ar;
			path = libReact.a;
			remoteRef = 146834031AC3E56700842450 /* PBXContainerItemProxy */;
			sourceTree = BUILT_PRODUCTS_DIR;
		};
		3DAD3EA31DF850E9000B6D8A /* libReact.a */ = {
			isa = PBXReferenceProxy;
			fileType = archive.ar;
			path = libReact.a;
			remoteRef = 3DAD3EA21DF850E9000B6D8A /* PBXContainerItemProxy */;
			sourceTree = BUILT_PRODUCTS_DIR;
		};
		3DAD3EA51DF850E9000B6D8A /* libyoga.a */ = {
			isa = PBXReferenceProxy;
			fileType = archive.ar;
			path = libyoga.a;
			remoteRef = 3DAD3EA41DF850E9000B6D8A /* PBXContainerItemProxy */;
			sourceTree = BUILT_PRODUCTS_DIR;
		};
		3DAD3EA71DF850E9000B6D8A /* libyoga.a */ = {
			isa = PBXReferenceProxy;
			fileType = archive.ar;
			path = libyoga.a;
			remoteRef = 3DAD3EA61DF850E9000B6D8A /* PBXContainerItemProxy */;
			sourceTree = BUILT_PRODUCTS_DIR;
		};
		3DAD3EA91DF850E9000B6D8A /* libcxxreact.a */ = {
			isa = PBXReferenceProxy;
			fileType = archive.ar;
			path = libcxxreact.a;
			remoteRef = 3DAD3EA81DF850E9000B6D8A /* PBXContainerItemProxy */;
			sourceTree = BUILT_PRODUCTS_DIR;
		};
		3DAD3EAB1DF850E9000B6D8A /* libcxxreact.a */ = {
			isa = PBXReferenceProxy;
			fileType = archive.ar;
			path = libcxxreact.a;
			remoteRef = 3DAD3EAA1DF850E9000B6D8A /* PBXContainerItemProxy */;
			sourceTree = BUILT_PRODUCTS_DIR;
		};
		3DAD3EAD1DF850E9000B6D8A /* libjschelpers.a */ = {
			isa = PBXReferenceProxy;
			fileType = archive.ar;
			path = libjschelpers.a;
			remoteRef = 3DAD3EAC1DF850E9000B6D8A /* PBXContainerItemProxy */;
			sourceTree = BUILT_PRODUCTS_DIR;
		};
		3DAD3EAF1DF850E9000B6D8A /* libjschelpers.a */ = {
			isa = PBXReferenceProxy;
			fileType = archive.ar;
			path = libjschelpers.a;
			remoteRef = 3DAD3EAE1DF850E9000B6D8A /* PBXContainerItemProxy */;
			sourceTree = BUILT_PRODUCTS_DIR;
		};
		BBE87F8C1EC5DF7D0083DE0D /* libRCTOneSignal.a */ = {
			isa = PBXReferenceProxy;
			fileType = archive.ar;
			path = libRCTOneSignal.a;
			remoteRef = BBE87F8B1EC5DF7D0083DE0D /* PBXContainerItemProxy */;
			sourceTree = BUILT_PRODUCTS_DIR;
		};
		DD202FA81F055C8800778591 /* CocoaLumberjack.framework */ = {
			isa = PBXReferenceProxy;
			fileType = wrapper.framework;
			path = CocoaLumberjack.framework;
			remoteRef = DD202FA71F055C8800778591 /* PBXContainerItemProxy */;
			sourceTree = BUILT_PRODUCTS_DIR;
		};
		DD202FAA1F055C8800778591 /* CocoaLumberjackSwift.framework */ = {
			isa = PBXReferenceProxy;
			fileType = wrapper.framework;
			path = CocoaLumberjackSwift.framework;
			remoteRef = DD202FA91F055C8800778591 /* PBXContainerItemProxy */;
			sourceTree = BUILT_PRODUCTS_DIR;
		};
		DD202FAC1F055C8800778591 /* CocoaLumberjack.framework */ = {
			isa = PBXReferenceProxy;
			fileType = wrapper.framework;
			path = CocoaLumberjack.framework;
			remoteRef = DD202FAB1F055C8800778591 /* PBXContainerItemProxy */;
			sourceTree = BUILT_PRODUCTS_DIR;
		};
		DD202FAE1F055C8800778591 /* CocoaLumberjackSwift.framework */ = {
			isa = PBXReferenceProxy;
			fileType = wrapper.framework;
			path = CocoaLumberjackSwift.framework;
			remoteRef = DD202FAD1F055C8800778591 /* PBXContainerItemProxy */;
			sourceTree = BUILT_PRODUCTS_DIR;
		};
		DD202FB01F055C8800778591 /* libCocoaLumberjack.a */ = {
			isa = PBXReferenceProxy;
			fileType = archive.ar;
			path = libCocoaLumberjack.a;
			remoteRef = DD202FAF1F055C8800778591 /* PBXContainerItemProxy */;
			sourceTree = BUILT_PRODUCTS_DIR;
		};
		DD202FB21F055C8800778591 /* CocoaLumberjack.framework */ = {
			isa = PBXReferenceProxy;
			fileType = wrapper.framework;
			path = CocoaLumberjack.framework;
			remoteRef = DD202FB11F055C8800778591 /* PBXContainerItemProxy */;
			sourceTree = BUILT_PRODUCTS_DIR;
		};
		DD202FB41F055C8800778591 /* CocoaLumberjackSwift.framework */ = {
			isa = PBXReferenceProxy;
			fileType = wrapper.framework;
			path = CocoaLumberjackSwift.framework;
			remoteRef = DD202FB31F055C8800778591 /* PBXContainerItemProxy */;
			sourceTree = BUILT_PRODUCTS_DIR;
		};
		DD202FB61F055C8800778591 /* CocoaLumberjack.framework */ = {
			isa = PBXReferenceProxy;
			fileType = wrapper.framework;
			path = CocoaLumberjack.framework;
			remoteRef = DD202FB51F055C8800778591 /* PBXContainerItemProxy */;
			sourceTree = BUILT_PRODUCTS_DIR;
		};
		DD202FB81F055C8800778591 /* CocoaLumberjackSwift.framework */ = {
			isa = PBXReferenceProxy;
			fileType = wrapper.framework;
			path = CocoaLumberjackSwift.framework;
			remoteRef = DD202FB71F055C8800778591 /* PBXContainerItemProxy */;
			sourceTree = BUILT_PRODUCTS_DIR;
		};
		DD8B530C1F091650009D8961 /* libRCTWebSocket.a */ = {
			isa = PBXReferenceProxy;
			fileType = archive.ar;
			path = libRCTWebSocket.a;
			remoteRef = DD8B530B1F091650009D8961 /* PBXContainerItemProxy */;
			sourceTree = BUILT_PRODUCTS_DIR;
		};
		DD8B530E1F091650009D8961 /* libRCTWebSocket-tvOS.a */ = {
			isa = PBXReferenceProxy;
			fileType = archive.ar;
			path = "libRCTWebSocket-tvOS.a";
			remoteRef = DD8B530D1F091650009D8961 /* PBXContainerItemProxy */;
			sourceTree = BUILT_PRODUCTS_DIR;
		};
		DD8B534D1F0916D4009D8961 /* libRCTGeolocation.a */ = {
			isa = PBXReferenceProxy;
			fileType = archive.ar;
			path = libRCTGeolocation.a;
			remoteRef = DD8B534C1F0916D4009D8961 /* PBXContainerItemProxy */;
			sourceTree = BUILT_PRODUCTS_DIR;
		};
		DD8B536E1F09180D009D8961 /* libRCTNetwork.a */ = {
			isa = PBXReferenceProxy;
			fileType = archive.ar;
			path = libRCTNetwork.a;
			remoteRef = DD8B536D1F09180D009D8961 /* PBXContainerItemProxy */;
			sourceTree = BUILT_PRODUCTS_DIR;
		};
		DD8B53701F09180D009D8961 /* libRCTNetwork-tvOS.a */ = {
			isa = PBXReferenceProxy;
			fileType = archive.ar;
			path = "libRCTNetwork-tvOS.a";
			remoteRef = DD8B536F1F09180D009D8961 /* PBXContainerItemProxy */;
			sourceTree = BUILT_PRODUCTS_DIR;
		};
		DD8B53781F091866009D8961 /* libRCTText.a */ = {
			isa = PBXReferenceProxy;
			fileType = archive.ar;
			path = libRCTText.a;
			remoteRef = DD8B53771F091866009D8961 /* PBXContainerItemProxy */;
			sourceTree = BUILT_PRODUCTS_DIR;
		};
		DD8B537A1F091866009D8961 /* libRCTText-tvOS.a */ = {
			isa = PBXReferenceProxy;
			fileType = archive.ar;
			path = "libRCTText-tvOS.a";
			remoteRef = DD8B53791F091866009D8961 /* PBXContainerItemProxy */;
			sourceTree = BUILT_PRODUCTS_DIR;
		};
		DD8B53861F09192C009D8961 /* libRCTAnimation.a */ = {
			isa = PBXReferenceProxy;
			fileType = archive.ar;
			path = libRCTAnimation.a;
			remoteRef = DD8B53851F09192C009D8961 /* PBXContainerItemProxy */;
			sourceTree = BUILT_PRODUCTS_DIR;
		};
		DD8B53881F09192C009D8961 /* libRCTAnimation.a */ = {
			isa = PBXReferenceProxy;
			fileType = archive.ar;
			path = libRCTAnimation.a;
			remoteRef = DD8B53871F09192C009D8961 /* PBXContainerItemProxy */;
			sourceTree = BUILT_PRODUCTS_DIR;
		};
		DD8B538C1F09192C009D8961 /* libRCTImage.a */ = {
			isa = PBXReferenceProxy;
			fileType = archive.ar;
			path = libRCTImage.a;
			remoteRef = DD8B538B1F09192C009D8961 /* PBXContainerItemProxy */;
			sourceTree = BUILT_PRODUCTS_DIR;
		};
		DD8B538E1F09192C009D8961 /* libRCTImage-tvOS.a */ = {
			isa = PBXReferenceProxy;
			fileType = archive.ar;
			path = "libRCTImage-tvOS.a";
			remoteRef = DD8B538D1F09192C009D8961 /* PBXContainerItemProxy */;
			sourceTree = BUILT_PRODUCTS_DIR;
		};
		DD8B539D1F092295009D8961 /* libRCTLinking.a */ = {
			isa = PBXReferenceProxy;
			fileType = archive.ar;
			path = libRCTLinking.a;
			remoteRef = DD8B539C1F092295009D8961 /* PBXContainerItemProxy */;
			sourceTree = BUILT_PRODUCTS_DIR;
		};
		DD8B539F1F092295009D8961 /* libRCTLinking-tvOS.a */ = {
			isa = PBXReferenceProxy;
			fileType = archive.ar;
			path = "libRCTLinking-tvOS.a";
			remoteRef = DD8B539E1F092295009D8961 /* PBXContainerItemProxy */;
			sourceTree = BUILT_PRODUCTS_DIR;
		};
		DD8B53A31F092295009D8961 /* libRCTSettings.a */ = {
			isa = PBXReferenceProxy;
			fileType = archive.ar;
			path = libRCTSettings.a;
			remoteRef = DD8B53A21F092295009D8961 /* PBXContainerItemProxy */;
			sourceTree = BUILT_PRODUCTS_DIR;
		};
		DD8B53A51F092295009D8961 /* libRCTSettings-tvOS.a */ = {
			isa = PBXReferenceProxy;
			fileType = archive.ar;
			path = "libRCTSettings-tvOS.a";
			remoteRef = DD8B53A41F092295009D8961 /* PBXContainerItemProxy */;
			sourceTree = BUILT_PRODUCTS_DIR;
		};
		DD8B53A81F092295009D8961 /* libRCTVibration.a */ = {
			isa = PBXReferenceProxy;
			fileType = archive.ar;
			path = libRCTVibration.a;
			remoteRef = DD8B53A71F092295009D8961 /* PBXContainerItemProxy */;
			sourceTree = BUILT_PRODUCTS_DIR;
		};
		DD8B53B11F0922EB009D8961 /* libRCTActionSheet.a */ = {
			isa = PBXReferenceProxy;
			fileType = archive.ar;
			path = libRCTActionSheet.a;
			remoteRef = DD8B53B01F0922EB009D8961 /* PBXContainerItemProxy */;
			sourceTree = BUILT_PRODUCTS_DIR;
		};
		DDC3207D1ED320FF00FB513A /* libAirMaps.a */ = {
			isa = PBXReferenceProxy;
			fileType = archive.ar;
			path = libAirMaps.a;
			remoteRef = DDC3207C1ED320FF00FB513A /* PBXContainerItemProxy */;
			sourceTree = BUILT_PRODUCTS_DIR;
		};
/* End PBXReferenceProxy section */

/* Begin PBXResourcesBuildPhase section */
		00E356EC1AD99517003FC87E /* Resources */ = {
			isa = PBXResourcesBuildPhase;
			buildActionMask = 2147483647;
			files = (
			);
			runOnlyForDeploymentPostprocessing = 0;
		};
		13B07F8E1A680F5B00A75B9A /* Resources */ = {
			isa = PBXResourcesBuildPhase;
			buildActionMask = 2147483647;
			files = (
				DD5999DA1EEB27B600196DF8 /* Info.plist in Resources */,
				13B07FBF1A68108700A75B9A /* Images.xcassets in Resources */,
				13B07FBD1A68108700A75B9A /* LaunchScreen.xib in Resources */,
				DD66BAF01EE97B0600BA819B /* freshcoast-logo.png in Resources */,
			);
			runOnlyForDeploymentPostprocessing = 0;
		};
/* End PBXResourcesBuildPhase section */

/* Begin PBXShellScriptBuildPhase section */
		00DD1BFF1BD5951E006B06BC /* Bundle React Native code and images */ = {
			isa = PBXShellScriptBuildPhase;
			buildActionMask = 2147483647;
			files = (
			);
			inputPaths = (
			);
			name = "Bundle React Native code and images";
			outputPaths = (
			);
			runOnlyForDeploymentPostprocessing = 0;
			shellPath = /bin/sh;
			shellScript = "export NODE_BINARY=node\n../node_modules/react-native/packager/react-native-xcode.sh";
		};
		09E4D3A62AF73261BAD5B241 /* [CP] Embed Pods Frameworks */ = {
			isa = PBXShellScriptBuildPhase;
			buildActionMask = 2147483647;
			files = (
			);
			inputPaths = (
			);
			name = "[CP] Embed Pods Frameworks";
			outputPaths = (
			);
			runOnlyForDeploymentPostprocessing = 0;
			shellPath = /bin/sh;
			shellScript = "\"${SRCROOT}/Pods/Target Support Files/Pods-IceCreamBoats/Pods-IceCreamBoats-frameworks.sh\"\n";
			showEnvVarsInLog = 0;
		};
		18B5924ADC865398166BEB82 /* [CP] Check Pods Manifest.lock */ = {
			isa = PBXShellScriptBuildPhase;
			buildActionMask = 2147483647;
			files = (
			);
			inputPaths = (
			);
			name = "[CP] Check Pods Manifest.lock";
			outputPaths = (
			);
			runOnlyForDeploymentPostprocessing = 0;
			shellPath = /bin/sh;
			shellScript = "diff \"${PODS_PODFILE_DIR_PATH}/Podfile.lock\" \"${PODS_ROOT}/Manifest.lock\" > /dev/null\nif [ $? != 0 ] ; then\n    # print error to STDERR\n    echo \"error: The sandbox is not in sync with the Podfile.lock. Run 'pod install' or update your CocoaPods installation.\" >&2\n    exit 1\nfi\n";
			showEnvVarsInLog = 0;
		};
		D47CBAE6DF2B7C56D2978C5C /* [CP] Copy Pods Resources */ = {
			isa = PBXShellScriptBuildPhase;
			buildActionMask = 2147483647;
			files = (
			);
			inputPaths = (
			);
			name = "[CP] Copy Pods Resources";
			outputPaths = (
			);
			runOnlyForDeploymentPostprocessing = 0;
			shellPath = /bin/sh;
			shellScript = "\"${SRCROOT}/Pods/Target Support Files/Pods-IceCreamBoats/Pods-IceCreamBoats-resources.sh\"\n";
			showEnvVarsInLog = 0;
		};
/* End PBXShellScriptBuildPhase section */

/* Begin PBXSourcesBuildPhase section */
		00E356EA1AD99517003FC87E /* Sources */ = {
			isa = PBXSourcesBuildPhase;
			buildActionMask = 2147483647;
			files = (
				00E356F31AD99517003FC87E /* IceCreamBoatsTests.m in Sources */,
			);
			runOnlyForDeploymentPostprocessing = 0;
		};
		13B07F871A680F5B00A75B9A /* Sources */ = {
			isa = PBXSourcesBuildPhase;
			buildActionMask = 2147483647;
			files = (
				DD202F891F05493500778591 /* RNBackgroundFetch+AppDelegate.m in Sources */,
				13B07FBC1A68108700A75B9A /* AppDelegate.m in Sources */,
				13B07FC11A68108700A75B9A /* main.m in Sources */,
			);
			runOnlyForDeploymentPostprocessing = 0;
		};
/* End PBXSourcesBuildPhase section */

/* Begin PBXTargetDependency section */
		00E356F51AD99517003FC87E /* PBXTargetDependency */ = {
			isa = PBXTargetDependency;
			target = 13B07F861A680F5B00A75B9A /* IceCreamBoats */;
			targetProxy = 00E356F41AD99517003FC87E /* PBXContainerItemProxy */;
		};
/* End PBXTargetDependency section */

/* Begin PBXVariantGroup section */
		13B07FB11A68108700A75B9A /* LaunchScreen.xib */ = {
			isa = PBXVariantGroup;
			children = (
				13B07FB21A68108700A75B9A /* Base */,
			);
			name = LaunchScreen.xib;
			path = IceCreamBoats;
			sourceTree = "<group>";
		};
/* End PBXVariantGroup section */

/* Begin XCBuildConfiguration section */
		00E356F61AD99517003FC87E /* Debug */ = {
			isa = XCBuildConfiguration;
			buildSettings = {
				BUNDLE_LOADER = "$(TEST_HOST)";
				DEVELOPMENT_TEAM = JK76749Y4G;
				GCC_PREPROCESSOR_DEFINITIONS = (
					"DEBUG=1",
					"$(inherited)",
				);
				INFOPLIST_FILE = IceCreamBoatsTests/Info.plist;
				IPHONEOS_DEPLOYMENT_TARGET = 8.0;
				LD_RUNPATH_SEARCH_PATHS = "$(inherited) @executable_path/Frameworks @loader_path/Frameworks";
				LIBRARY_SEARCH_PATHS = (
					"$(inherited)",
					"\"$(SRCROOT)/$(TARGET_NAME)\"",
					"\"$(SRCROOT)/$(TARGET_NAME)\"",
					"\"$(SRCROOT)/$(TARGET_NAME)\"",
				);
				OTHER_LDFLAGS = (
					"-ObjC",
					"-lc++",
				);
				PRODUCT_BUNDLE_IDENTIFIER = "org.reactjs.native.example.$(PRODUCT_NAME:rfc1034identifier)";
				PRODUCT_NAME = "$(TARGET_NAME)";
				TEST_HOST = "$(BUILT_PRODUCTS_DIR)/IceCreamBoats.app/IceCreamBoats";
			};
			name = Debug;
		};
		00E356F71AD99517003FC87E /* Release */ = {
			isa = XCBuildConfiguration;
			buildSettings = {
				BUNDLE_LOADER = "$(TEST_HOST)";
				COPY_PHASE_STRIP = NO;
				DEVELOPMENT_TEAM = JK76749Y4G;
				INFOPLIST_FILE = IceCreamBoatsTests/Info.plist;
				IPHONEOS_DEPLOYMENT_TARGET = 8.0;
				LD_RUNPATH_SEARCH_PATHS = "$(inherited) @executable_path/Frameworks @loader_path/Frameworks";
				LIBRARY_SEARCH_PATHS = (
					"$(inherited)",
					"\"$(SRCROOT)/$(TARGET_NAME)\"",
					"\"$(SRCROOT)/$(TARGET_NAME)\"",
					"\"$(SRCROOT)/$(TARGET_NAME)\"",
				);
				OTHER_LDFLAGS = (
					"-ObjC",
					"-lc++",
				);
				PRODUCT_BUNDLE_IDENTIFIER = "org.reactjs.native.example.$(PRODUCT_NAME:rfc1034identifier)";
				PRODUCT_NAME = "$(TARGET_NAME)";
				TEST_HOST = "$(BUILT_PRODUCTS_DIR)/IceCreamBoats.app/IceCreamBoats";
			};
			name = Release;
		};
		13B07F941A680F5B00A75B9A /* Debug */ = {
			isa = XCBuildConfiguration;
			baseConfigurationReference = C83E85B1944BFD21CE46263D /* Pods-IceCreamBoats.debug.xcconfig */;
			buildSettings = {
				ASSETCATALOG_COMPILER_APPICON_NAME = AppIcon;
				CODE_SIGN_ENTITLEMENTS = IceCreamBoats/IceCreamBoats.entitlements;
				CODE_SIGN_IDENTITY = "iPhone Developer";
				"CODE_SIGN_IDENTITY[sdk=iphoneos*]" = "iPhone Developer";
				CURRENT_PROJECT_VERSION = 1;
				DEAD_CODE_STRIPPING = NO;
				DEVELOPMENT_TEAM = JK76749Y4G;
				FRAMEWORK_SEARCH_PATHS = (
					"\"${PODS_ROOT}/../../node_modules/react-native-background-fetch/ios/RNBackgroundFetch\"",
					"\"${PODS_ROOT}/../../node_modules/react-native-background-geolocation/ios/RNBackgroundGeolocation\"",
					"$(PROJECT_DIR)/../node_modules/react-native-background-geolocation/ios/**",
					"$(PROJECT_DIR)/../node_modules/react-native-background-fetch/ios/**",
					"$(inherited)",
				);
				GCC_NO_COMMON_BLOCKS = YES;
				HEADER_SEARCH_PATHS = (
					"$(SRCROOT)/../node_modules/react-native-onesignal/ios/**",
					"$(inherited)",
				);
				INFOPLIST_FILE = IceCreamBoats/Info.plist;
				IPHONEOS_DEPLOYMENT_TARGET = 8.0;
				LD_RUNPATH_SEARCH_PATHS = "$(inherited) @executable_path/Frameworks";
				LIBRARY_SEARCH_PATHS = (
					"$(inherited)",
					"$(PROJECT_DIR)/build/Debug-iphoneos/RNBackgroundFetch",
					"$(PROJECT_DIR)/build/Debug-iphoneos/CocoaLumberjack",
					"$(PROJECT_DIR)/build/Debug-iphoneos/RNBackgroundGeolocation",
				);
				OTHER_LDFLAGS = (
					"$(inherited)",
					"-ObjC",
					"-lc++",
					"$(inherited)",
				);
				PRODUCT_BUNDLE_IDENTIFIER = se.freshcoast.icecreamboats;
				PRODUCT_NAME = IceCreamBoats;
				PROVISIONING_PROFILE = "";
				PROVISIONING_PROFILE_SPECIFIER = "";
				VERSIONING_SYSTEM = "apple-generic";
			};
			name = Debug;
		};
		13B07F951A680F5B00A75B9A /* Release */ = {
			isa = XCBuildConfiguration;
			baseConfigurationReference = EADDA7A678022CC0F6C27052 /* Pods-IceCreamBoats.release.xcconfig */;
			buildSettings = {
				ASSETCATALOG_COMPILER_APPICON_NAME = AppIcon;
				CODE_SIGN_ENTITLEMENTS = IceCreamBoats/IceCreamBoats.entitlements;
				CODE_SIGN_IDENTITY = "iPhone Developer";
				"CODE_SIGN_IDENTITY[sdk=iphoneos*]" = "iPhone Developer";
				CURRENT_PROJECT_VERSION = 1;
				DEVELOPMENT_TEAM = JK76749Y4G;
				FRAMEWORK_SEARCH_PATHS = (
					"\"${PODS_ROOT}/../../node_modules/react-native-background-fetch/ios/RNBackgroundFetch\"",
					"\"${PODS_ROOT}/../../node_modules/react-native-background-geolocation/ios/RNBackgroundGeolocation\"",
					"$(PROJECT_DIR)/../node_modules/react-native-background-geolocation/ios/**",
					"$(PROJECT_DIR)/../node_modules/react-native-background-fetch/ios/**",
					"$(inherited)",
				);
				GCC_NO_COMMON_BLOCKS = YES;
				HEADER_SEARCH_PATHS = (
					"$(SRCROOT)/../node_modules/react-native-onesignal/ios/**",
					"$(inherited)",
				);
				INFOPLIST_FILE = IceCreamBoats/Info.plist;
				IPHONEOS_DEPLOYMENT_TARGET = 8.0;
				LD_RUNPATH_SEARCH_PATHS = "$(inherited) @executable_path/Frameworks";
				LIBRARY_SEARCH_PATHS = (
					"$(inherited)",
					"$(PROJECT_DIR)/build/Debug-iphoneos/RNBackgroundFetch",
					"$(PROJECT_DIR)/build/Debug-iphoneos/CocoaLumberjack",
					"$(PROJECT_DIR)/build/Debug-iphoneos/RNBackgroundGeolocation",
				);
				OTHER_LDFLAGS = (
					"$(inherited)",
					"-ObjC",
					"-lc++",
					"$(inherited)",
				);
				PRODUCT_BUNDLE_IDENTIFIER = se.freshcoast.icecreamboats;
				PRODUCT_NAME = IceCreamBoats;
				PROVISIONING_PROFILE = "";
				PROVISIONING_PROFILE_SPECIFIER = "";
				VERSIONING_SYSTEM = "apple-generic";
			};
			name = Release;
		};
		83CBBA201A601CBA00E9B192 /* Debug */ = {
			isa = XCBuildConfiguration;
			buildSettings = {
				ALWAYS_SEARCH_USER_PATHS = NO;
				CLANG_CXX_LANGUAGE_STANDARD = "gnu++0x";
				CLANG_CXX_LIBRARY = "libc++";
				CLANG_ENABLE_MODULES = YES;
				CLANG_ENABLE_OBJC_ARC = YES;
				CLANG_WARN_BOOL_CONVERSION = YES;
				CLANG_WARN_CONSTANT_CONVERSION = YES;
				CLANG_WARN_DIRECT_OBJC_ISA_USAGE = YES_ERROR;
				CLANG_WARN_EMPTY_BODY = YES;
				CLANG_WARN_ENUM_CONVERSION = YES;
				CLANG_WARN_INFINITE_RECURSION = YES;
				CLANG_WARN_INT_CONVERSION = YES;
				CLANG_WARN_OBJC_ROOT_CLASS = YES_ERROR;
				CLANG_WARN_SUSPICIOUS_MOVE = YES;
				CLANG_WARN_UNREACHABLE_CODE = YES;
				CLANG_WARN__DUPLICATE_METHOD_MATCH = YES;
				"CODE_SIGN_IDENTITY[sdk=iphoneos*]" = "iPhone Developer";
				COPY_PHASE_STRIP = NO;
				ENABLE_STRICT_OBJC_MSGSEND = YES;
				ENABLE_TESTABILITY = YES;
				GCC_C_LANGUAGE_STANDARD = gnu99;
				GCC_DYNAMIC_NO_PIC = NO;
				GCC_NO_COMMON_BLOCKS = YES;
				GCC_OPTIMIZATION_LEVEL = 0;
				GCC_PREPROCESSOR_DEFINITIONS = (
					"DEBUG=1",
					"$(inherited)",
				);
				GCC_SYMBOLS_PRIVATE_EXTERN = NO;
				GCC_WARN_64_TO_32_BIT_CONVERSION = YES;
				GCC_WARN_ABOUT_RETURN_TYPE = YES_ERROR;
				GCC_WARN_UNDECLARED_SELECTOR = YES;
				GCC_WARN_UNINITIALIZED_AUTOS = YES_AGGRESSIVE;
				GCC_WARN_UNUSED_FUNCTION = YES;
				GCC_WARN_UNUSED_VARIABLE = YES;
				IPHONEOS_DEPLOYMENT_TARGET = 9.0;
				MTL_ENABLE_DEBUG_INFO = YES;
				ONLY_ACTIVE_ARCH = YES;
				SDKROOT = iphoneos;
			};
			name = Debug;
		};
		83CBBA211A601CBA00E9B192 /* Release */ = {
			isa = XCBuildConfiguration;
			buildSettings = {
				ALWAYS_SEARCH_USER_PATHS = NO;
				CLANG_CXX_LANGUAGE_STANDARD = "gnu++0x";
				CLANG_CXX_LIBRARY = "libc++";
				CLANG_ENABLE_MODULES = YES;
				CLANG_ENABLE_OBJC_ARC = YES;
				CLANG_WARN_BOOL_CONVERSION = YES;
				CLANG_WARN_CONSTANT_CONVERSION = YES;
				CLANG_WARN_DIRECT_OBJC_ISA_USAGE = YES_ERROR;
				CLANG_WARN_EMPTY_BODY = YES;
				CLANG_WARN_ENUM_CONVERSION = YES;
				CLANG_WARN_INFINITE_RECURSION = YES;
				CLANG_WARN_INT_CONVERSION = YES;
				CLANG_WARN_OBJC_ROOT_CLASS = YES_ERROR;
				CLANG_WARN_SUSPICIOUS_MOVE = YES;
				CLANG_WARN_UNREACHABLE_CODE = YES;
				CLANG_WARN__DUPLICATE_METHOD_MATCH = YES;
				"CODE_SIGN_IDENTITY[sdk=iphoneos*]" = "iPhone Developer";
				COPY_PHASE_STRIP = YES;
				ENABLE_NS_ASSERTIONS = NO;
				ENABLE_STRICT_OBJC_MSGSEND = YES;
				GCC_C_LANGUAGE_STANDARD = gnu99;
				GCC_NO_COMMON_BLOCKS = YES;
				GCC_WARN_64_TO_32_BIT_CONVERSION = YES;
				GCC_WARN_ABOUT_RETURN_TYPE = YES_ERROR;
				GCC_WARN_UNDECLARED_SELECTOR = YES;
				GCC_WARN_UNINITIALIZED_AUTOS = YES_AGGRESSIVE;
				GCC_WARN_UNUSED_FUNCTION = YES;
				GCC_WARN_UNUSED_VARIABLE = YES;
				IPHONEOS_DEPLOYMENT_TARGET = 9.0;
				MTL_ENABLE_DEBUG_INFO = NO;
				SDKROOT = iphoneos;
				VALIDATE_PRODUCT = YES;
			};
			name = Release;
		};
/* End XCBuildConfiguration section */

/* Begin XCConfigurationList section */
		00E357021AD99517003FC87E /* Build configuration list for PBXNativeTarget "IceCreamBoatsTests" */ = {
			isa = XCConfigurationList;
			buildConfigurations = (
				00E356F61AD99517003FC87E /* Debug */,
				00E356F71AD99517003FC87E /* Release */,
			);
			defaultConfigurationIsVisible = 0;
			defaultConfigurationName = Release;
		};
		13B07F931A680F5B00A75B9A /* Build configuration list for PBXNativeTarget "IceCreamBoats" */ = {
			isa = XCConfigurationList;
			buildConfigurations = (
				13B07F941A680F5B00A75B9A /* Debug */,
				13B07F951A680F5B00A75B9A /* Release */,
			);
			defaultConfigurationIsVisible = 0;
			defaultConfigurationName = Release;
		};
		83CBB9FA1A601CBA00E9B192 /* Build configuration list for PBXProject "IceCreamBoats" */ = {
			isa = XCConfigurationList;
			buildConfigurations = (
				83CBBA201A601CBA00E9B192 /* Debug */,
				83CBBA211A601CBA00E9B192 /* Release */,
			);
			defaultConfigurationIsVisible = 0;
			defaultConfigurationName = Release;
		};
/* End XCConfigurationList section */
	};
	rootObject = 83CBB9F71A601CBA00E9B192 /* Project object */;
}
